name: website-policy-authority-lock

# BASE-BRANCH-ANCHORED POLICY AUTHORITY LOCK (website side)
# Prevent a PR from lowering the formal upstream website-ready gate while also
# modifying the head-run validator to make that regression appear valid.
#
# SECURITY MODEL:
# - pull_request_target: uses this trusted workflow from the base branch.
# - Does NOT checkout/execute/import PR head code.
# - Reads only the PR head policy JSON via the GitHub API.
# - Enforces the current minimum-10 upstream contract and the independent
#   ordinary-SEO / Issue-264 scope boundaries.

on:
  pull_request_target:
    types: [opened, synchronize, reopened, edited]

permissions:
  contents: read
  pull-requests: read

jobs:
  website-policy-authority-lock:
    runs-on: ubuntu-latest
    steps:
      - name: Assert canonical website contract + Issue-264 scope at PR head
        env:
          GH_TOKEN: ${{ secrets.GITHUB_TOKEN }}
          HEAD_SHA: ${{ github.event.pull_request.head.sha }}
          REPO: ${{ github.repository }}
        shell: bash
        run: |
          set -euo pipefail
          python3 - <<'PY'
          import json, os, urllib.request, urllib.error

          repo = os.environ["REPO"]
          head = os.environ["HEAD_SHA"]
          token = os.environ["GH_TOKEN"]

          def fetch_json(path):
              url = f"https://api.github.com/repos/{repo}/contents/{path}?ref={head}"
              req = urllib.request.Request(url, headers={
                  "Authorization": f"Bearer {token}",
                  "Accept": "application/vnd.github.raw+json",
                  "User-Agent": "website-policy-authority-lock",
              })
              try:
                  with urllib.request.urlopen(req, timeout=30) as r:
                      return json.loads(r.read().decode("utf-8"))
              except urllib.error.HTTPError as e:
                  raise SystemExit(f"cannot read {path} at PR head {head}: HTTP {e.code}")

          inv = fetch_json("config/content_inventory_policy.json")
          pub = fetch_json("config/content_publication_policy.json")

          up = inv.get("upstream_contract", {})
          failures = []
          if up.get("production_system_status") != "v3_consolidated":
              failures.append(f"production_system_status must be v3_consolidated, got {up.get('production_system_status')!r}")
          if up.get("daily_minimum_formal_batch_count") != 10:
              failures.append(f"formal minimum must be 10, got {up.get('daily_minimum_formal_batch_count')!r}")
          if up.get("daily_operational_minimum_count") != 10:
              failures.append(f"operational minimum must be 10, got {up.get('daily_operational_minimum_count')!r}")
          if up.get("daily_quality_first_range") != [10, 25]:
              failures.append(f"quality_first_range must be [10, 25], got {up.get('daily_quality_first_range')!r}")
          if up.get("below_minimum_1_to_19_means_official_new_inventory_when_manifest_complete") is not False:
              failures.append("below_minimum_1_to_19_means_official_new_inventory_when_manifest_complete must be false")

          o = pub.get("ordinary_seo_promotion", {})
          if o.get("enabled") is not True:
              failures.append("ordinary_seo_promotion.enabled must be true")
          if o.get("batch_eligibility_overrides", {}).get("DAILY-20260901") != "eligible":
              failures.append("DAILY-20260901 must be 'eligible'")
          if str(o.get("status", "")).startswith("HOLD_UNTIL_ISSUE_264"):
              failures.append("ordinary_seo_promotion must not inherit HOLD_UNTIL_ISSUE_264")

          cf = inv.get("cf50_terminal_baseline", {})
          if cf.get("release_authorized") is not False:
              failures.append("cf50_terminal_baseline.release_authorized must remain false")

          if failures:
              for f in failures:
                  print("FAIL:", f)
              raise SystemExit(1)
          print("WEBSITE_POLICY_AUTHORITY_LOCK=PASS formal_min=10 op_min=10 range=[10,25] 1-19_official=false DAILY-20260901=eligible issue264_independent=true cf50_release_authorized=false")
          PY
